github.com/langhuachuanshi/pan-go/core v0.0.0-20260912081549-dc1a83bd4468 h1:58k/ObrKjtZFpiwb098RpmXHYnqwOFve4L+WMRdTvqQ=
github.com/langhuachuanshi/pan-go/core v0.0.0-20260912081549-dc1a83bd4468/go.mod h1:yn28YkLeBeYdW/CNVvaK6b4ImOxNhr5HClnxgRj4CF4=
github.com/langhuachuanshi/pan-go/core v0.2637.1 h1:ZE5Ry7i8UUxjMXMQdFbPr5JDyEO3bj8ZBeTZMZArzBY=
github.com/langhuachuanshi/pan-go/core v0.2637.1/go.mod h1:yn28YkLeBeYdW/CNVvaK6b4ImOxNhr5HClnxgRj4CF4=
