github.com/decred/dcrd/crypto/blake256 v1.1.0 h1:zPMNGQCm0g4QTY27fOCorQW7EryeQ/U0x++OzVrdms8=
github.com/decred/dcrd/crypto/blake256 v1.1.0/go.mod h1:2OfgNZ5wDpcsFmHmCK5gZTPcCXqlm2ArzUIkw9czNJo=
github.com/decred/dcrd/dcrec/secp256k1/v4 v4.4.1 h1:5RVFMOWjMyRy8cARdy79nAmgYw3hK/4HUq48LQ6Wwqo=
github.com/decred/dcrd/dcrec/secp256k1/v4 v4.4.1/go.mod h1:ZXNYxsqcloTdSy/rNShjYzMhyjf0LaoftYK0p+A3h40=
github.com/langhuachuanshi/pan-go/core v0.0.0-20260912083058-0cf24add26b3 h1:ZQewuUa90HrWjqGhfmRGFpW2xPre7AtTKFhnWU6YIuE=
github.com/langhuachuanshi/pan-go/core v0.0.0-20260912083058-0cf24add26b3/go.mod h1:yn28YkLeBeYdW/CNVvaK6b4ImOxNhr5HClnxgRj4CF4=
github.com/langhuachuanshi/pan-go/core v0.2637.1 h1:ZE5Ry7i8UUxjMXMQdFbPr5JDyEO3bj8ZBeTZMZArzBY=
github.com/langhuachuanshi/pan-go/core v0.2637.1/go.mod h1:yn28YkLeBeYdW/CNVvaK6b4ImOxNhr5HClnxgRj4CF4=
github.com/skip2/go-qrcode v0.0.0-20200617195104-da1b6568686e h1:MRM5ITcdelLK2j1vwZ3Je0FKVCfqOLp5zO6trqMLYs0=
github.com/skip2/go-qrcode v0.0.0-20200617195104-da1b6568686e/go.mod h1:XV66xRDqSt+GTGFMVlhk3ULuV0y9ZmzeVGR4mloJI3M=
golang.org/x/text v0.38.0 h1:sXmwo9DwP3OK9EZ7PqAdaooSGozfl/3a6/xJcbzPRhE=
golang.org/x/text v0.38.0/go.mod h1:YXZt3QhHUKYT53r2lLKFIVi6Ao1jdzrTR/KQ09qyxF4=
