github.com/langhuachuanshi/pan-go/core v0.0.0-20260912080833-978977209620 h1:yvBysoMPa8SysqMjYb1SObZxBGIwkYo+OFXK+w0sOoA=
github.com/langhuachuanshi/pan-go/core v0.0.0-20260912080833-978977209620/go.mod h1:yn28YkLeBeYdW/CNVvaK6b4ImOxNhr5HClnxgRj4CF4=
github.com/langhuachuanshi/pan-go/core v0.2637.1 h1:ZE5Ry7i8UUxjMXMQdFbPr5JDyEO3bj8ZBeTZMZArzBY=
github.com/langhuachuanshi/pan-go/core v0.2637.1/go.mod h1:yn28YkLeBeYdW/CNVvaK6b4ImOxNhr5HClnxgRj4CF4=
